{
  "projects": [
    {
      "projectId": "inZbT2cb4Q4N9HnsiChzn4",
      "version": "0.26.0",
      "dependencies": {},
      "lang": "ts",
      "fileLocks": [
        {
          "assetId": "inZbT2cb4Q4N9HnsiChzn4",
          "type": "projectCss",
          "checksum": "cd6e878eaaadb62d64d9f38823ee95bc"
        },
        {
          "assetId": "inZbT2cb4Q4N9HnsiChzn4",
          "checksum": "e6ad474a981853a9c1e1b46ec32d77fa",
          "type": "globalContexts"
        }
      ],
      "codegenVersion": "0.0.1"
    },
    {
      "projectId": "YUiM7yqBWAqsh8KSnrdj7",
      "version": "0.27.0",
      "dependencies": {},
      "lang": "ts",
      "fileLocks": [
        {
          "assetId": "YUiM7yqBWAqsh8KSnrdj7",
          "type": "projectCss",
          "checksum": "dac72600b04b6e6a3014e82512a15fe1"
        }
      ],
      "codegenVersion": "0.0.1"
    },
    {
      "projectId": "i3z63WaCLuRiSZRBwZC8d1",
      "version": "6.15.0",
      "dependencies": {},
      "lang": "ts",
      "fileLocks": [
        {
          "assetId": "i3z63WaCLuRiSZRBwZC8d1",
          "type": "projectCss",
          "checksum": "e1ec850476829c38b0f9b6d4f7ac446a"
        },
        {
          "assetId": "i3z63WaCLuRiSZRBwZC8d1",
          "checksum": "2231a02fc246352d0dd609a63e28d8fb",
          "type": "globalContexts"
        }
      ],
      "codegenVersion": "0.0.1"
    },
    {
      "projectId": "xp1p7dmg329XVLHyuEUxD2",
      "version": "11.30.0",
      "dependencies": {},
      "lang": "ts",
      "fileLocks": [
        {
          "assetId": "xp1p7dmg329XVLHyuEUxD2",
          "type": "projectCss",
          "checksum": "1b891cf9539f1db972dc4163ae1172e9"
        }
      ],
      "codegenVersion": "0.0.1"
    },
    {
      "projectId": "7tSQdxgu7FmCVtUmJP9sF2",
      "version": "latest",
      "dependencies": {
        "xp1p7dmg329XVLHyuEUxD2": "11.30.0",
        "i3z63WaCLuRiSZRBwZC8d1": "6.15.0",
        "YUiM7yqBWAqsh8KSnrdj7": "0.27.0",
        "inZbT2cb4Q4N9HnsiChzn4": "0.26.0"
      },
      "lang": "ts",
      "fileLocks": [
        {
          "type": "globalVariant",
          "assetId": "nwmJ_teeh34I",
          "checksum": "6dde82464ff20d5fb9412c37413d18fc"
        },
        {
          "type": "globalVariant",
          "assetId": "4HaAhuVTM08T",
          "checksum": "036a87f469fcff7631bb0e51e5a97ef3"
        },
        {
          "assetId": "7tSQdxgu7FmCVtUmJP9sF2",
          "type": "projectCss",
          "checksum": "1b108511a16630e1f2bb296928bc81d8"
        },
        {
          "assetId": "7tSQdxgu7FmCVtUmJP9sF2",
          "checksum": "c4e6d31658cb7b536c7c91a9bc419319",
          "type": "globalContexts"
        },
        {
          "type": "renderModule",
          "assetId": "IeOLwqhYeWPL",
          "checksum": "c52e99bbed3463fd23b478431d54fa7b"
        },
        {
          "type": "cssRules",
          "assetId": "IeOLwqhYeWPL",
          "checksum": "c52e99bbed3463fd23b478431d54fa7b"
        },
        {
          "type": "renderModule",
          "assetId": "D9XrDALLnPou",
          "checksum": "fa4c818fd33c336f21392c325a75e79f"
        },
        {
          "type": "cssRules",
          "assetId": "D9XrDALLnPou",
          "checksum": "fa4c818fd33c336f21392c325a75e79f"
        },
        {
          "type": "renderModule",
          "assetId": "b3IcTduz3xlf",
          "checksum": "050cb3ca1d705856d5e9cd6272972881"
        },
        {
          "type": "cssRules",
          "assetId": "b3IcTduz3xlf",
          "checksum": "050cb3ca1d705856d5e9cd6272972881"
        },
        {
          "type": "renderModule",
          "assetId": "9XSoEqjB1bqp",
          "checksum": "424c1a3a85a9a80458e28647447eed2c"
        },
        {
          "type": "cssRules",
          "assetId": "9XSoEqjB1bqp",
          "checksum": "424c1a3a85a9a80458e28647447eed2c"
        },
        {
          "type": "renderModule",
          "assetId": "_b7NqRBXNaod",
          "checksum": "cc1d80ad220fc3a95bb2eb18059e5922"
        },
        {
          "type": "cssRules",
          "assetId": "_b7NqRBXNaod",
          "checksum": "cc1d80ad220fc3a95bb2eb18059e5922"
        },
        {
          "type": "renderModule",
          "assetId": "pgplTJIampbm",
          "checksum": "404133052e1ffc865f6062c3a56a3d10"
        },
        {
          "type": "cssRules",
          "assetId": "pgplTJIampbm",
          "checksum": "404133052e1ffc865f6062c3a56a3d10"
        },
        {
          "type": "renderModule",
          "assetId": "Ca_tP_m6N0af",
          "checksum": "0bf6ed2fcad059051a82029d5240fd8b"
        },
        {
          "type": "cssRules",
          "assetId": "Ca_tP_m6N0af",
          "checksum": "0bf6ed2fcad059051a82029d5240fd8b"
        },
        {
          "type": "renderModule",
          "assetId": "6CkD6yD2Zk-b",
          "checksum": "679cd0735bb2bca6fcf5c060e9aa339c"
        },
        {
          "type": "cssRules",
          "assetId": "6CkD6yD2Zk-b",
          "checksum": "679cd0735bb2bca6fcf5c060e9aa339c"
        },
        {
          "type": "renderModule",
          "assetId": "qugGYwjKYlY4",
          "checksum": "b2af75b46ce70ef4cb265d39de0d9246"
        },
        {
          "type": "cssRules",
          "assetId": "qugGYwjKYlY4",
          "checksum": "b2af75b46ce70ef4cb265d39de0d9246"
        },
        {
          "type": "renderModule",
          "assetId": "6dP1gU2RQBMR",
          "checksum": "dfded1555dc936f6b9b25006f73c7e76"
        },
        {
          "type": "cssRules",
          "assetId": "6dP1gU2RQBMR",
          "checksum": "dfded1555dc936f6b9b25006f73c7e76"
        },
        {
          "type": "renderModule",
          "assetId": "S3buI_IasW1m",
          "checksum": "c2006a2f7c5855182cdd80c6f0175ba3"
        },
        {
          "type": "cssRules",
          "assetId": "S3buI_IasW1m",
          "checksum": "c2006a2f7c5855182cdd80c6f0175ba3"
        },
        {
          "type": "renderModule",
          "assetId": "RgrXXdwifMBn",
          "checksum": "9680132c79f5b87ae7f5f95bcd60c734"
        },
        {
          "type": "cssRules",
          "assetId": "RgrXXdwifMBn",
          "checksum": "9680132c79f5b87ae7f5f95bcd60c734"
        },
        {
          "type": "renderModule",
          "assetId": "Ajo2VgTuD0UK",
          "checksum": "7f03990d2f7b63595806f1ff36c98eba"
        },
        {
          "type": "cssRules",
          "assetId": "Ajo2VgTuD0UK",
          "checksum": "7f03990d2f7b63595806f1ff36c98eba"
        },
        {
          "type": "renderModule",
          "assetId": "EPxYa_gVe_qY",
          "checksum": "0358ba90cd15ede91aac148459520851"
        },
        {
          "type": "cssRules",
          "assetId": "EPxYa_gVe_qY",
          "checksum": "0358ba90cd15ede91aac148459520851"
        },
        {
          "type": "renderModule",
          "assetId": "hhwammFjsNBY",
          "checksum": "36cf0fafceb9a455be1d3203274ef5dd"
        },
        {
          "type": "cssRules",
          "assetId": "hhwammFjsNBY",
          "checksum": "36cf0fafceb9a455be1d3203274ef5dd"
        },
        {
          "type": "renderModule",
          "assetId": "w_sQ9IKgvI38",
          "checksum": "8fc69ae1cf05c1f865cdcfade8761de9"
        },
        {
          "type": "cssRules",
          "assetId": "w_sQ9IKgvI38",
          "checksum": "8fc69ae1cf05c1f865cdcfade8761de9"
        },
        {
          "type": "renderModule",
          "assetId": "jaIY51VPx0c9",
          "checksum": "dc06e48b6b9ff86779946adf146950d1"
        },
        {
          "type": "cssRules",
          "assetId": "jaIY51VPx0c9",
          "checksum": "dc06e48b6b9ff86779946adf146950d1"
        },
        {
          "type": "renderModule",
          "assetId": "EB-ev7yAWlRY",
          "checksum": "2aa34dfcebe17d9bbe28649fcb278f0a"
        },
        {
          "type": "cssRules",
          "assetId": "EB-ev7yAWlRY",
          "checksum": "2aa34dfcebe17d9bbe28649fcb278f0a"
        },
        {
          "type": "renderModule",
          "assetId": "mOs9QjAOlM4I",
          "checksum": "2929d66269e33ccc4b04a7883ca61224"
        },
        {
          "type": "cssRules",
          "assetId": "mOs9QjAOlM4I",
          "checksum": "2929d66269e33ccc4b04a7883ca61224"
        },
        {
          "type": "renderModule",
          "assetId": "ZCdjyKIEJTaF",
          "checksum": "651c91d390964574044acdedfdd002ac"
        },
        {
          "type": "cssRules",
          "assetId": "ZCdjyKIEJTaF",
          "checksum": "651c91d390964574044acdedfdd002ac"
        },
        {
          "type": "renderModule",
          "assetId": "KgwNR90if1Xd",
          "checksum": "aea0af7c8e43761ada8ae9cd0e85daa8"
        },
        {
          "type": "cssRules",
          "assetId": "KgwNR90if1Xd",
          "checksum": "aea0af7c8e43761ada8ae9cd0e85daa8"
        },
        {
          "type": "renderModule",
          "assetId": "IX1Xf65O6Aw9",
          "checksum": "417b5b4b21f494c276631ffb64d9f16d"
        },
        {
          "type": "cssRules",
          "assetId": "IX1Xf65O6Aw9",
          "checksum": "417b5b4b21f494c276631ffb64d9f16d"
        },
        {
          "type": "renderModule",
          "assetId": "DjBp9Nd5WOmO",
          "checksum": "a7b5b6872d0950dfbaae9d91cae617ce"
        },
        {
          "type": "cssRules",
          "assetId": "DjBp9Nd5WOmO",
          "checksum": "a7b5b6872d0950dfbaae9d91cae617ce"
        },
        {
          "type": "renderModule",
          "assetId": "iEB-4Havef_M",
          "checksum": "20650e91e7b3bfb3a3abad18a9332312"
        },
        {
          "type": "cssRules",
          "assetId": "iEB-4Havef_M",
          "checksum": "20650e91e7b3bfb3a3abad18a9332312"
        },
        {
          "type": "renderModule",
          "assetId": "HLScY8F9FLDn",
          "checksum": "d0d5efc6ab331f03dde95e7962d4bc82"
        },
        {
          "type": "cssRules",
          "assetId": "HLScY8F9FLDn",
          "checksum": "d0d5efc6ab331f03dde95e7962d4bc82"
        },
        {
          "type": "renderModule",
          "assetId": "QcIugl9q9yRE",
          "checksum": "73454b65165853a529bd34c4aae7234d"
        },
        {
          "type": "cssRules",
          "assetId": "QcIugl9q9yRE",
          "checksum": "73454b65165853a529bd34c4aae7234d"
        },
        {
          "type": "renderModule",
          "assetId": "ABOb0OULcLz3",
          "checksum": "1488490ad7b766a4a267eb6a80ab1dea"
        },
        {
          "type": "cssRules",
          "assetId": "ABOb0OULcLz3",
          "checksum": "1488490ad7b766a4a267eb6a80ab1dea"
        },
        {
          "type": "renderModule",
          "assetId": "cTpe4fEaek5z",
          "checksum": "d1cfd43512decde0436e1e7c26b15693"
        },
        {
          "type": "cssRules",
          "assetId": "cTpe4fEaek5z",
          "checksum": "d1cfd43512decde0436e1e7c26b15693"
        },
        {
          "type": "icon",
          "assetId": "wVB98sncp0aN",
          "checksum": "c0793416e4e9fca4ca28622420d9d3d9"
        },
        {
          "type": "icon",
          "assetId": "9weuy_OH5q0C",
          "checksum": "b8aa6ad9649204d91d7d71799ddbb00e"
        },
        {
          "type": "icon",
          "assetId": "KiU-DsY7n9PH",
          "checksum": "2f99bfd937ec89ea8836a62fa5b18606"
        },
        {
          "type": "icon",
          "assetId": "fA65pgZpu69c",
          "checksum": "64b42b6bd2922ad6d0c6d7abe16963ab"
        },
        {
          "type": "icon",
          "assetId": "pQhoyk-izhfk",
          "checksum": "4675e70a1fee8296d48feefa276c44fb"
        },
        {
          "type": "icon",
          "assetId": "mDFvB2SujtE6",
          "checksum": "954f81dbbbba31dcc9d9f2dadf5ce16f"
        },
        {
          "type": "icon",
          "assetId": "QswTWJTh6wY7",
          "checksum": "6add58f81fe01e2d642364de0f1ac12f"
        },
        {
          "type": "icon",
          "assetId": "U6tJ8utDgS6J",
          "checksum": "516fa3ff8c2e4dd9561a1c15282046eb"
        },
        {
          "type": "icon",
          "assetId": "bN9i__HRnQNi",
          "checksum": "75031f0892d6d6f511a2a75cb91625b6"
        },
        {
          "type": "icon",
          "assetId": "7TcHDpkGRd-S",
          "checksum": "8bfe2f42e0c284be506efc702f52d5c3"
        },
        {
          "type": "icon",
          "assetId": "63PpEAybGswk",
          "checksum": "037f85e9ee0be270351d105de8d95352"
        },
        {
          "type": "icon",
          "assetId": "nVWEFWUu4SRm",
          "checksum": "9e1b8e976e35bb24baf4d6dfa52de62f"
        },
        {
          "type": "icon",
          "assetId": "ezb8ULch0erE",
          "checksum": "ff0606b515a73f8c74f4e42f6796782b"
        },
        {
          "type": "icon",
          "assetId": "6NNsvPXSBspI",
          "checksum": "fb330100d43ba77d78e440efb6518a82"
        },
        {
          "type": "icon",
          "assetId": "ZByVuRcTdoz9",
          "checksum": "a6f8e4cc46ddb0bd5feeb34c07d6d732"
        },
        {
          "type": "icon",
          "assetId": "4VcwbaGRCfce",
          "checksum": "aaab53a68cf16fff24bd6a7449fffd03"
        },
        {
          "type": "icon",
          "assetId": "Ry2X1wmsFRks",
          "checksum": "047c2b291d381903194ee30cb0096fc0"
        },
        {
          "type": "icon",
          "assetId": "LzwBWmQwv4X0",
          "checksum": "9bf21e428dc1c39f94318a2fb64d8f35"
        },
        {
          "type": "icon",
          "assetId": "3t-W3MkYzMm8",
          "checksum": "f90cb2cc5d237e429b85897d5cbb0aaa"
        },
        {
          "type": "icon",
          "assetId": "etT9IEv6N8Ic",
          "checksum": "3c34229965a86cf8a033a68f7c79dc50"
        },
        {
          "type": "icon",
          "assetId": "8qKLBEh7paS1",
          "checksum": "5d15efef0c02f1cc5a0eae398abdd208"
        },
        {
          "type": "icon",
          "assetId": "G9-sNDEq5a4p",
          "checksum": "c63da423813f0f3a1cf13eb373f06456"
        },
        {
          "type": "icon",
          "assetId": "gAsd605GXIDw",
          "checksum": "a713148f80552a0e6c32b2e780a2ebd1"
        },
        {
          "type": "icon",
          "assetId": "1wGDPC8HXHjb",
          "checksum": "94f7a794542d3e68fd6a1444a9b587d4"
        },
        {
          "type": "icon",
          "assetId": "WJPody2lyAWl",
          "checksum": "17dc4735c20b99ec08443fad231e2806"
        },
        {
          "type": "icon",
          "assetId": "ySFwM-zkVZ28",
          "checksum": "92f009ce646753e1cc15d9ae7eb8c35d"
        },
        {
          "type": "icon",
          "assetId": "EY76mj3kB7jd",
          "checksum": "d75a0b7e3d01837de0350db758769529"
        },
        {
          "type": "icon",
          "assetId": "5IMQRPQriuPe",
          "checksum": "eb3ed9c87075c6ef27fa4a2ebe7f9cbd"
        },
        {
          "type": "icon",
          "assetId": "7az6P-2_ekVx",
          "checksum": "44bed1850e979afe75858a8559457564"
        },
        {
          "type": "icon",
          "assetId": "tGywJsbkU7MR",
          "checksum": "57a5b54a156dc73cf17417abf502ea96"
        },
        {
          "type": "icon",
          "assetId": "C_g6eeoBpgFg",
          "checksum": "e4e11141d5ad4771777932e34206033a"
        },
        {
          "type": "icon",
          "assetId": "U-mI2Xq5G22M",
          "checksum": "861c86795a39fecde98241b9d3c68bf2"
        },
        {
          "type": "icon",
          "assetId": "uQ_wH0XWRbok",
          "checksum": "8b69eb6ce484238a5bceeb79a410d2d5"
        },
        {
          "type": "icon",
          "assetId": "CzO2i7FuaTTV",
          "checksum": "1e88638a2dd436bb397bd4c30cbd791d"
        },
        {
          "type": "icon",
          "assetId": "Mu7uhZCHRDIk",
          "checksum": "511225f01afd9ac961b6aa94de8122ce"
        },
        {
          "type": "icon",
          "assetId": "Ox41SgH_pxxM",
          "checksum": "8deed775afc3f793d43f209d9faf69a1"
        },
        {
          "type": "icon",
          "assetId": "ano8PNdATe91",
          "checksum": "17524cabaf9931621a2926796c303f8d"
        },
        {
          "type": "icon",
          "assetId": "tlFicQjlO0je",
          "checksum": "7133e054eee1268d493ce12586fa2139"
        },
        {
          "type": "icon",
          "assetId": "cMdAsjdil2qx",
          "checksum": "574717cdd8ddfe0a9aebd201336c6c7d"
        },
        {
          "type": "image",
          "assetId": "7KlfgnErlDBX",
          "checksum": "51537e936e9787120a71a459374738fd"
        },
        {
          "type": "image",
          "assetId": "l_s09jyLg2qo",
          "checksum": "94ce7c9310a19e033a7b6e352cb9e52a"
        },
        {
          "type": "image",
          "assetId": "ibKo-XY3asaJ",
          "checksum": "daf0dacfd27bbd7c43c6907fc76ae31a"
        },
        {
          "type": "image",
          "assetId": "9Q3oOLtd1w04",
          "checksum": "b3322f1131057cc44c475930c5ce0f3c"
        },
        {
          "type": "image",
          "assetId": "krqPn8BATHGJ",
          "checksum": "1416995595b6a25a834b74ae9d5f5037"
        },
        {
          "type": "image",
          "assetId": "rYvWqMvXLV_5",
          "checksum": "616ace8eb15552fb589bc3023e9c06b9"
        },
        {
          "type": "image",
          "assetId": "TH3m0fVe-79u",
          "checksum": "24b17bc6ef663f7ff7466c33fc32970b"
        },
        {
          "type": "image",
          "assetId": "wDe-bwtolILV",
          "checksum": "d2ec773b8bb986c1adeddc9093ee2b05"
        },
        {
          "type": "image",
          "assetId": "bOs5TP67_dmA",
          "checksum": "64d8ddbd0f94f67db7ff13a8d1bf93df"
        },
        {
          "type": "image",
          "assetId": "4UK67TENxBKZ",
          "checksum": "c1731f22a80d01da0b8e737044dbb973"
        },
        {
          "type": "image",
          "assetId": "G6BMQaOL8RRR",
          "checksum": "187d3670ff6a2ba453be68d99a1deb67"
        },
        {
          "type": "image",
          "assetId": "eYRnaiSVv0b_",
          "checksum": "4107166a511f21205015963af5d42de0"
        },
        {
          "type": "image",
          "assetId": "eYYLTKZR4NjE",
          "checksum": "a479fba54d211327ba38b2c171cfa692"
        },
        {
          "type": "image",
          "assetId": "07iQzfEpY34K",
          "checksum": "7331cf860af364d466431241ba6eb258"
        },
        {
          "type": "image",
          "assetId": "c5UHLoZObWSW",
          "checksum": "4e1c8f837a45d00db1b43d8a93b6f2ba"
        },
        {
          "type": "image",
          "assetId": "QdE5pI9eXY4c",
          "checksum": "cb211b12f54ede6cb8379e45ac3553f0"
        },
        {
          "type": "image",
          "assetId": "MQotugb4eU9a",
          "checksum": "820abc3974f8c4387330e824d518852e"
        },
        {
          "type": "image",
          "assetId": "lSIvHQYpVgiJ",
          "checksum": "972e27abb399ebce4924e33fd224dc8b"
        },
        {
          "type": "image",
          "assetId": "fZosI5kCBz4M",
          "checksum": "6e276c0c3795fe7748855e7406711b07"
        },
        {
          "type": "image",
          "assetId": "qnUCXe3TfLtn",
          "checksum": "2d605a4ae6ca9d15e241fc055c7f2ad8"
        },
        {
          "type": "image",
          "assetId": "C_5cjmacSKUw",
          "checksum": "a72ba491a4e284e3d2f756965b6912bb"
        },
        {
          "type": "image",
          "assetId": "TI_3tngTB8R1",
          "checksum": "7c23be04f394cf72ecff784e9f8b5caa"
        },
        {
          "type": "image",
          "assetId": "pe-W8_geHSlE",
          "checksum": "a3c0b59df1a87169ec2a1be9c5d1aa95"
        },
        {
          "type": "image",
          "assetId": "bcELFhDw1Aoc",
          "checksum": "8fdec2a9d419e639f48b7c76a26c3528"
        },
        {
          "type": "image",
          "assetId": "TFQynEhjwwja",
          "checksum": "e04b2a936d923f6f8e4fb0523e8f977d"
        },
        {
          "type": "image",
          "assetId": "DwBB0yjMlgbl",
          "checksum": "537bfee6c9f4b7d5104ae13cdf254de5"
        },
        {
          "type": "image",
          "assetId": "oRfw-REJeEr0",
          "checksum": "0e6ed17e2abff13214d8cc3aa0b6a04c"
        },
        {
          "type": "image",
          "assetId": "peBkn2YEQ9nD",
          "checksum": "6dc67883a725a72291658586c7ee5237"
        },
        {
          "type": "image",
          "assetId": "FMlG1M2g-Qt6",
          "checksum": "ef05f84ffcd0280e6c702a834058c40e"
        },
        {
          "type": "image",
          "assetId": "vAStXAfnnwHy",
          "checksum": "64a4ff5ea5d20046ff022cc2fe7ed67a"
        },
        {
          "type": "image",
          "assetId": "mHMJ5MxEsgq4",
          "checksum": "666901ab27467f17a547ccd42ed9502f"
        },
        {
          "type": "image",
          "assetId": "wUbVzvUaZQy3",
          "checksum": "1a386208ec4fb554ad25b9832c2b446a"
        },
        {
          "type": "image",
          "assetId": "A3caISAoYepH",
          "checksum": "d096114f9511a3b93fe87373d1527d28"
        },
        {
          "type": "image",
          "assetId": "9fHm4zxmBqWo",
          "checksum": "c92da795b9dca5e9f8375e277ecc06d9"
        },
        {
          "type": "image",
          "assetId": "o8GrDbF7-l_G",
          "checksum": "8ec35833df042deb35296d8093687c9e"
        },
        {
          "type": "image",
          "assetId": "8hpfJrKcO1fE",
          "checksum": "97b750b8ee9041fdf5204b13164bf003"
        },
        {
          "type": "image",
          "assetId": "QBnHSB0vXoJ1",
          "checksum": "f4402f6c102134cfd36a635cde997423"
        },
        {
          "type": "image",
          "assetId": "ENLOlg_aWuRm",
          "checksum": "0931fe811219b2c2663a66d15e089331"
        },
        {
          "type": "image",
          "assetId": "yJQXINhlL4Nw",
          "checksum": "87dc48d3c73b0b09c83db7c6c9aae661"
        },
        {
          "type": "image",
          "assetId": "QoDLYjt3aB3Y",
          "checksum": "ada4f594ea0fe876c64f97e28204d98f"
        },
        {
          "type": "image",
          "assetId": "qi_trzLVaEE6",
          "checksum": "c38624de44eb964aecb3096e7a4280c2"
        },
        {
          "type": "image",
          "assetId": "QXvPAQUvQ_Rh",
          "checksum": "1d2c7cdb543d26e228b011e175d9ce5b"
        },
        {
          "type": "image",
          "assetId": "ifITSgf9B9Nl",
          "checksum": "aebc747a243fcaa12c30c966912557a5"
        },
        {
          "type": "image",
          "assetId": "ItreaR3jZnuz",
          "checksum": "b8bf9560e1a3aae773e2e066750cdb0e"
        },
        {
          "type": "image",
          "assetId": "CDp5TKACSf_v",
          "checksum": "21909326a502625173749a331d1608ac"
        },
        {
          "type": "image",
          "assetId": "fUVRUQUSk7i5",
          "checksum": "04855ae2b9b42f783ac0f61148d10fff"
        },
        {
          "type": "image",
          "assetId": "dqBtO4InyLsg",
          "checksum": "7fc01e128075e43f50c5a778de9955a6"
        },
        {
          "type": "image",
          "assetId": "tdfg6RDuXoBm",
          "checksum": "d829e5660152a52fe284d0545ec21a16"
        },
        {
          "type": "image",
          "assetId": "Q_RcXNaKc0fm",
          "checksum": "e9792bf6c3529dd413af6b4638909090"
        },
        {
          "type": "image",
          "assetId": "XVSnrmuAk06c",
          "checksum": "0ae7b2e2cd4e83cf3b6dedd354bb96c6"
        },
        {
          "type": "image",
          "assetId": "SjDikCxzniUD",
          "checksum": "9eed3482440563a77dbe8fd0a6c62c7f"
        },
        {
          "type": "image",
          "assetId": "oHGxhmNMfbuf",
          "checksum": "3c5785976a3931cc3ffd50b66e1dccd4"
        },
        {
          "type": "image",
          "assetId": "K3XCMkIhpoEJ",
          "checksum": "195f11196dd5e06546f01d3c9d7b0c0e"
        },
        {
          "type": "image",
          "assetId": "S9ermxBigXpm",
          "checksum": "dd398dc468f7e8866b737fb30136552c"
        },
        {
          "type": "image",
          "assetId": "YT9jOm-AIaNf",
          "checksum": "c9366d570307001f3665c0427a42133d"
        },
        {
          "type": "image",
          "assetId": "vsaaY-rk2XP4",
          "checksum": "c3ef4fd5dc7121cf9b76222317d64286"
        },
        {
          "type": "image",
          "assetId": "w92MM3SKzvC0",
          "checksum": "38ec9efb0480bfee98e133029899fcfc"
        },
        {
          "type": "image",
          "assetId": "ajIqmmwsrfga",
          "checksum": "9da6458e7ab9f55cd96776ecc046ba8b"
        },
        {
          "type": "image",
          "assetId": "3E6FUnmcXlHo",
          "checksum": "4dc31181fdd18f7371d5272844f87110"
        },
        {
          "type": "image",
          "assetId": "bBrxnGyquM9h",
          "checksum": "3ca04d4908ecb635968f6121fbac34c7"
        },
        {
          "type": "image",
          "assetId": "_ux_1rQWgnxF",
          "checksum": "ae998e887101f685b2abf199f3a458cd"
        },
        {
          "type": "image",
          "assetId": "0ZA-1IJiHwwz",
          "checksum": "f6a40dc7e29a7853b3d0ac262733a845"
        },
        {
          "type": "image",
          "assetId": "RLYesvJV2AcH",
          "checksum": "173b8a7f6cc6a25afd0ac660b63391c1"
        },
        {
          "type": "image",
          "assetId": "gu2z2PviGQcq",
          "checksum": "ac69070ba5328c5f7311639fc58ef173"
        },
        {
          "type": "image",
          "assetId": "6KVegg-VoAFY",
          "checksum": "9ae755414aa8445a5e69d644207ae406"
        }
      ],
      "codegenVersion": "0.0.1"
    }
  ],
  "cliVersion": "0.1.327"
}
